schema: '2.0'
stages:
  train:
    cmd: python src/train.py
    deps:
    - path: data/v1/data.csv
      hash: md5
      md5: 4954d4088152604322732f13c4e14691
      size: 2606
    - path: src/train.py
      hash: md5
      md5: f9f4281adc563c24e94a70b1b94b4455
      size: 1622
    params:
      params.yaml:
        data_path: data/v2/data.csv
        max_depth:
        n_estimators: 200
        random_state: 42
        test_size: 0.2
    outs:
    - path: artifacts/metrics.json
      hash: md5
      md5: 4958cbd40c01f674fd4aa264f81684ca
      size: 40
    - path: artifacts/model.joblib
      hash: md5
      md5: e1145545b8da6c7178dd18c134d4fb40
      size: 196145
